
Microsoft Visual Studio Solution File, Format Version 12.00
# Visual Studio Version 18
VisualStudioVersion = 18.0.11104.47 d18.0
MinimumVisualStudioVersion = 10.0.40219.1
Project("{9A19103F-16F7-4668-BE54-9A1E7A4F7556}") = "Nav.Language", "Nav.Language\Nav.Language.csproj", "{C38F8EE6-5DC6-40F3-8994-A33069B05FD8}"
EndProject
Project("{9A19103F-16F7-4668-BE54-9A1E7A4F7556}") = "Nav.Cli", "Nav.Cli\Nav.Cli.csproj", "{AB2AC2BC-E10D-4BAD-9740-2FB7FF6EACDB}"
EndProject
Project("{9A19103F-16F7-4668-BE54-9A1E7A4F7556}") = "Nav.Language.Tests", "Nav.Language.Tests\Nav.Language.Tests.csproj", "{6F82F651-4D21-467D-BD83-68C743BC8DF4}"
EndProject
Project("{9A19103F-16F7-4668-BE54-9A1E7A4F7556}") = "Nav.Language.CodeAnalysis", "Nav.Language.CodeAnalysis\Nav.Language.CodeAnalysis.csproj", "{32AF2E02-A21A-4D1F-9927-09931715D057}"
EndProject
Project("{9A19103F-16F7-4668-BE54-9A1E7A4F7556}") = "Nav.Utilities", "Nav.Utilities\Nav.Utilities.csproj", "{AA0629B3-AF39-4049-9723-7989EC93B0A4}"
EndProject
Project("{9A19103F-16F7-4668-BE54-9A1E7A4F7556}") = "Nav.Language.Extension.Tests", "Nav.Language.Extension.Tests\Nav.Language.Extension.Tests.csproj", "{F0E023F3-FA98-4A8C-B68F-81C8554F4B5F}"
EndProject
Project("{9A19103F-16F7-4668-BE54-9A1E7A4F7556}") = "Nav.Language.BuildTasks", "Nav.Language.BuildTasks\Nav.Language.BuildTasks.csproj", "{DB6EFC93-1185-43B7-A721-8515B59CC3AD}"
EndProject
Project("{D954291E-2A0B-460D-934E-DC6B0785DB48}") = "JetBrains.Annotations", "JetBrains.Annotations\JetBrains.Annotations.shproj", "{A535B35C-5D62-46D8-9EE7-055597F2817A}"
EndProject
Project("{2150E333-8FDC-42A3-9474-1A3956D46DE8}") = "Solution Items", "Solution Items", "{6B752DDF-06C7-4B83-A8EC-43029F20825E}"
	ProjectSection(SolutionItems) = preProject
		Build.bat = Build.bat
		Directory.Build.props = Directory.Build.props
		Directory.Packages.props = Directory.Packages.props
		_build\GobalAssemblyInfo.cs = _build\GobalAssemblyInfo.cs
		README.md = README.md
		Version.props = Version.props
		_build\WriteThisAssemblyFile.targets = _build\WriteThisAssemblyFile.targets
	EndProjectSection
EndProject
Project("{D954291E-2A0B-460D-934E-DC6B0785DB48}") = "Nav.Language.ExtensionShared", "Nav.Language.ExtensionShared\Nav.Language.ExtensionShared.shproj", "{DA1F60B3-96AF-4862-AAB9-90B0AB7B2504}"
EndProject
Project("{FAE04EC0-301F-11D3-BF4B-00C04F79EFBC}") = "Nav.Language.Extension2022", "Nav.Language.Extension2022\Nav.Language.Extension2022.csproj", "{C88AACD6-6973-430B-A94B-4CC45B37F32E}"
EndProject
Project("{FAE04EC0-301F-11D3-BF4B-00C04F79EFBC}") = "Nav.Language.Extension2026", "Nav.Language.Extension2026\Nav.Language.Extension2026.csproj", "{F9BD82FB-2ABB-41B6-AFA0-24013754A9C8}"
EndProject
Global
	GlobalSection(SolutionConfigurationPlatforms) = preSolution
		Debug|Any CPU = Debug|Any CPU
		Release|Any CPU = Release|Any CPU
	EndGlobalSection
	GlobalSection(ProjectConfigurationPlatforms) = postSolution
		{C38F8EE6-5DC6-40F3-8994-A33069B05FD8}.Debug|Any CPU.ActiveCfg = Debug|Any CPU
		{C38F8EE6-5DC6-40F3-8994-A33069B05FD8}.Debug|Any CPU.Build.0 = Debug|Any CPU
		{C38F8EE6-5DC6-40F3-8994-A33069B05FD8}.Release|Any CPU.ActiveCfg = Release|Any CPU
		{C38F8EE6-5DC6-40F3-8994-A33069B05FD8}.Release|Any CPU.Build.0 = Release|Any CPU
		{AB2AC2BC-E10D-4BAD-9740-2FB7FF6EACDB}.Debug|Any CPU.ActiveCfg = Debug|Any CPU
		{AB2AC2BC-E10D-4BAD-9740-2FB7FF6EACDB}.Debug|Any CPU.Build.0 = Debug|Any CPU
		{AB2AC2BC-E10D-4BAD-9740-2FB7FF6EACDB}.Release|Any CPU.ActiveCfg = Release|Any CPU
		{AB2AC2BC-E10D-4BAD-9740-2FB7FF6EACDB}.Release|Any CPU.Build.0 = Release|Any CPU
		{6F82F651-4D21-467D-BD83-68C743BC8DF4}.Debug|Any CPU.ActiveCfg = Debug|Any CPU
		{6F82F651-4D21-467D-BD83-68C743BC8DF4}.Debug|Any CPU.Build.0 = Debug|Any CPU
		{6F82F651-4D21-467D-BD83-68C743BC8DF4}.Release|Any CPU.ActiveCfg = Release|Any CPU
		{6F82F651-4D21-467D-BD83-68C743BC8DF4}.Release|Any CPU.Build.0 = Release|Any CPU
		{32AF2E02-A21A-4D1F-9927-09931715D057}.Debug|Any CPU.ActiveCfg = Debug|Any CPU
		{32AF2E02-A21A-4D1F-9927-09931715D057}.Debug|Any CPU.Build.0 = Debug|Any CPU
		{32AF2E02-A21A-4D1F-9927-09931715D057}.Release|Any CPU.ActiveCfg = Release|Any CPU
		{32AF2E02-A21A-4D1F-9927-09931715D057}.Release|Any CPU.Build.0 = Release|Any CPU
		{AA0629B3-AF39-4049-9723-7989EC93B0A4}.Debug|Any CPU.ActiveCfg = Debug|Any CPU
		{AA0629B3-AF39-4049-9723-7989EC93B0A4}.Debug|Any CPU.Build.0 = Debug|Any CPU
		{AA0629B3-AF39-4049-9723-7989EC93B0A4}.Release|Any CPU.ActiveCfg = Release|Any CPU
		{AA0629B3-AF39-4049-9723-7989EC93B0A4}.Release|Any CPU.Build.0 = Release|Any CPU
		{F0E023F3-FA98-4A8C-B68F-81C8554F4B5F}.Debug|Any CPU.ActiveCfg = Debug|Any CPU
		{F0E023F3-FA98-4A8C-B68F-81C8554F4B5F}.Debug|Any CPU.Build.0 = Debug|Any CPU
		{F0E023F3-FA98-4A8C-B68F-81C8554F4B5F}.Release|Any CPU.ActiveCfg = Release|Any CPU
		{F0E023F3-FA98-4A8C-B68F-81C8554F4B5F}.Release|Any CPU.Build.0 = Release|Any CPU
		{DB6EFC93-1185-43B7-A721-8515B59CC3AD}.Debug|Any CPU.ActiveCfg = Debug|Any CPU
		{DB6EFC93-1185-43B7-A721-8515B59CC3AD}.Debug|Any CPU.Build.0 = Debug|Any CPU
		{DB6EFC93-1185-43B7-A721-8515B59CC3AD}.Release|Any CPU.ActiveCfg = Release|Any CPU
		{DB6EFC93-1185-43B7-A721-8515B59CC3AD}.Release|Any CPU.Build.0 = Release|Any CPU
		{C88AACD6-6973-430B-A94B-4CC45B37F32E}.Debug|Any CPU.ActiveCfg = Debug|Any CPU
		{C88AACD6-6973-430B-A94B-4CC45B37F32E}.Debug|Any CPU.Build.0 = Debug|Any CPU
		{C88AACD6-6973-430B-A94B-4CC45B37F32E}.Release|Any CPU.ActiveCfg = Release|Any CPU
		{C88AACD6-6973-430B-A94B-4CC45B37F32E}.Release|Any CPU.Build.0 = Release|Any CPU
		{F9BD82FB-2ABB-41B6-AFA0-24013754A9C8}.Debug|Any CPU.ActiveCfg = Debug|Any CPU
		{F9BD82FB-2ABB-41B6-AFA0-24013754A9C8}.Debug|Any CPU.Build.0 = Debug|Any CPU
		{F9BD82FB-2ABB-41B6-AFA0-24013754A9C8}.Release|Any CPU.ActiveCfg = Release|Any CPU
		{F9BD82FB-2ABB-41B6-AFA0-24013754A9C8}.Release|Any CPU.Build.0 = Release|Any CPU
	EndGlobalSection
	GlobalSection(SolutionProperties) = preSolution
		HideSolutionNode = FALSE
	EndGlobalSection
	GlobalSection(ExtensibilityGlobals) = postSolution
		SolutionGuid = {1595EB49-8E1B-4426-AE0F-8AB802FD6757}
	EndGlobalSection
	GlobalSection(SharedMSBuildProjectFiles) = preSolution
		JetBrains.Annotations\JetBrains.Annotations.projitems*{32af2e02-a21a-4d1f-9927-09931715d057}*SharedItemsImports = 5
		JetBrains.Annotations\JetBrains.Annotations.projitems*{a535b35c-5d62-46d8-9ee7-055597f2817a}*SharedItemsImports = 13
		JetBrains.Annotations\JetBrains.Annotations.projitems*{aa0629b3-af39-4049-9723-7989ec93b0a4}*SharedItemsImports = 5
		JetBrains.Annotations\JetBrains.Annotations.projitems*{ab2ac2bc-e10d-4bad-9740-2fb7ff6eacdb}*SharedItemsImports = 5
		JetBrains.Annotations\JetBrains.Annotations.projitems*{c38f8ee6-5dc6-40f3-8994-a33069b05fd8}*SharedItemsImports = 5
		JetBrains.Annotations\JetBrains.Annotations.projitems*{c88aacd6-6973-430b-a94b-4cc45b37f32e}*SharedItemsImports = 4
		Nav.Language.ExtensionShared\Nav.Language.ExtensionShared.projitems*{c88aacd6-6973-430b-a94b-4cc45b37f32e}*SharedItemsImports = 4
		Nav.Language.ExtensionShared\Nav.Language.ExtensionShared.projitems*{da1f60b3-96af-4862-aab9-90b0ab7b2504}*SharedItemsImports = 13
		JetBrains.Annotations\JetBrains.Annotations.projitems*{db6efc93-1185-43b7-a721-8515b59cc3ad}*SharedItemsImports = 5
		JetBrains.Annotations\JetBrains.Annotations.projitems*{f9bd82fb-2abb-41b6-afa0-24013754a9c8}*SharedItemsImports = 4
		Nav.Language.ExtensionShared\Nav.Language.ExtensionShared.projitems*{f9bd82fb-2abb-41b6-afa0-24013754a9c8}*SharedItemsImports = 4
	EndGlobalSection
EndGlobal
